// !$*UTF8*$!
{
	archiveVersion = 1;
	classes = {
	};
	objectVersion = 56;
	objects = {

/* Begin PBXBuildFile section */
		9A3176722A1927BE00B21E69 /* ImagesListService.swift in Sources */ = {isa = PBXBuildFile; fileRef = 9A3176712A1927BE00B21E69 /* ImagesListService.swift */; };
		9A3176742A1927DD00B21E69 /* ImageList.swift in Sources */ = {isa = PBXBuildFile; fileRef = 9A3176732A1927DD00B21E69 /* ImageList.swift */; };
		9A31767C2A1A278600B21E69 /* ImageFeedTests.swift in Sources */ = {isa = PBXBuildFile; fileRef = 9A31767B2A1A278600B21E69 /* ImageFeedTests.swift */; };
		9A424B7729DD76540006CF0E /* ProfileViewController.swift in Sources */ = {isa = PBXBuildFile; fileRef = 9A424B7629DD76540006CF0E /* ProfileViewController.swift */; };
		9A424B7A29DEE62E0006CF0E /* SingleImageViewController.swift in Sources */ = {isa = PBXBuildFile; fileRef = 9A424B7929DEE62E0006CF0E /* SingleImageViewController.swift */; };
		9A424BA529F0171E0006CF0E /* Constants.swift in Sources */ = {isa = PBXBuildFile; fileRef = 9A424BA429F0171E0006CF0E /* Constants.swift */; };
		9A4539C62A09569000957174 /* Kingfisher in Frameworks */ = {isa = PBXBuildFile; productRef = 9A4539C52A09569000957174 /* Kingfisher */; };
		9A4539C82A09576000957174 /* ProfileService.swift in Sources */ = {isa = PBXBuildFile; fileRef = 9A4539C72A09576000957174 /* ProfileService.swift */; };
		9A4539CB2A09578C00957174 /* Profile.swift in Sources */ = {isa = PBXBuildFile; fileRef = 9A4539CA2A09578C00957174 /* Profile.swift */; };
		9A4539CE2A09586A00957174 /* ProgressHUD in Frameworks */ = {isa = PBXBuildFile; productRef = 9A4539CD2A09586A00957174 /* ProgressHUD */; };
		9A4539D12A09588B00957174 /* UIBlockingProgressHUD.swift in Sources */ = {isa = PBXBuildFile; fileRef = 9A4539D02A09588B00957174 /* UIBlockingProgressHUD.swift */; };
		9A4539D42A0959C000957174 /* URLSession.swift in Sources */ = {isa = PBXBuildFile; fileRef = 9A4539D32A0959C000957174 /* URLSession.swift */; };
		9A4539D72A095AB200957174 /* SwiftKeychainWrapper in Frameworks */ = {isa = PBXBuildFile; productRef = 9A4539D62A095AB200957174 /* SwiftKeychainWrapper */; };
		9A4539D92A095FED00957174 /* ProfileImageService.swift in Sources */ = {isa = PBXBuildFile; fileRef = 9A4539D82A095FED00957174 /* ProfileImageService.swift */; };
		9A4539DB2A0BFB6E00957174 /* OAuthTokenResponse.swift in Sources */ = {isa = PBXBuildFile; fileRef = 9A4539DA2A0BFB6E00957174 /* OAuthTokenResponse.swift */; };
		9A4539DE2A0BFE8A00957174 /* TabBarController.swift in Sources */ = {isa = PBXBuildFile; fileRef = 9A4539DD2A0BFE8A00957174 /* TabBarController.swift */; };
		9A6CB6EC29CA117900F1EED2 /* AppDelegate.swift in Sources */ = {isa = PBXBuildFile; fileRef = 9A6CB6EB29CA117900F1EED2 /* AppDelegate.swift */; };
		9A6CB6EE29CA117900F1EED2 /* SceneDelegate.swift in Sources */ = {isa = PBXBuildFile; fileRef = 9A6CB6ED29CA117900F1EED2 /* SceneDelegate.swift */; };
		9A6CB6F029CA117900F1EED2 /* ImagesListViewController.swift in Sources */ = {isa = PBXBuildFile; fileRef = 9A6CB6EF29CA117900F1EED2 /* ImagesListViewController.swift */; };
		9A6CB6F329CA117900F1EED2 /* Main.storyboard in Resources */ = {isa = PBXBuildFile; fileRef = 9A6CB6F129CA117900F1EED2 /* Main.storyboard */; };
		9A6CB6F529CA117A00F1EED2 /* Assets.xcassets in Resources */ = {isa = PBXBuildFile; fileRef = 9A6CB6F429CA117A00F1EED2 /* Assets.xcassets */; };
		9A6CB6F829CA117A00F1EED2 /* LaunchScreen.storyboard in Resources */ = {isa = PBXBuildFile; fileRef = 9A6CB6F629CA117A00F1EED2 /* LaunchScreen.storyboard */; };
		9A7071572A0C0B2200A740FF /* YS Display-Bold.ttf in Resources */ = {isa = PBXBuildFile; fileRef = 9A7071552A0C0B2200A740FF /* YS Display-Bold.ttf */; };
		9A7071582A0C0B2200A740FF /* YS Display-Medium.ttf in Resources */ = {isa = PBXBuildFile; fileRef = 9A7071562A0C0B2200A740FF /* YS Display-Medium.ttf */; };
		9A70EA9E29F558310023043D /* AuthViewController.swift in Sources */ = {isa = PBXBuildFile; fileRef = 9A70EA9D29F558310023043D /* AuthViewController.swift */; };
		9A70EAA029F55AE10023043D /* WebViewViewController.swift in Sources */ = {isa = PBXBuildFile; fileRef = 9A70EA9F29F55AE10023043D /* WebViewViewController.swift */; };
		9A70EAAA29F7C3730023043D /* SplashViewController.swift in Sources */ = {isa = PBXBuildFile; fileRef = 9A70EAA929F7C3730023043D /* SplashViewController.swift */; };
		9A70EAC229F8F8EC0023043D /* OAuth2TokenResponseBody.swift in Sources */ = {isa = PBXBuildFile; fileRef = 9A70EABF29F8F8EC0023043D /* OAuth2TokenResponseBody.swift */; };
		9A70EAC329F8F8EC0023043D /* OAuth2Service.swift in Sources */ = {isa = PBXBuildFile; fileRef = 9A70EAC029F8F8EC0023043D /* OAuth2Service.swift */; };
		9A70EAC429F8F8EC0023043D /* OAuth2TokenStorage.swift in Sources */ = {isa = PBXBuildFile; fileRef = 9A70EAC129F8F8EC0023043D /* OAuth2TokenStorage.swift */; };
		9AAF496429D054E90066BE9D /* ImagesListCell.swift in Sources */ = {isa = PBXBuildFile; fileRef = 9AAF496329D054E90066BE9D /* ImagesListCell.swift */; };
/* End PBXBuildFile section */

/* Begin PBXContainerItemProxy section */
		9A31767D2A1A278600B21E69 /* PBXContainerItemProxy */ = {
			isa = PBXContainerItemProxy;
			containerPortal = 9A6CB6E029CA117900F1EED2 /* Project object */;
			proxyType = 1;
			remoteGlobalIDString = 9A6CB6E729CA117900F1EED2;
			remoteInfo = ImageFeed;
		};
/* End PBXContainerItemProxy section */

/* Begin PBXFileReference section */
		9A3176712A1927BE00B21E69 /* ImagesListService.swift */ = {isa = PBXFileReference; lastKnownFileType = sourcecode.swift; path = ImagesListService.swift; sourceTree = "<group>"; };
		9A3176732A1927DD00B21E69 /* ImageList.swift */ = {isa = PBXFileReference; lastKnownFileType = sourcecode.swift; path = ImageList.swift; sourceTree = "<group>"; };
		9A3176792A1A278600B21E69 /* ImageFeedTests.xctest */ = {isa = PBXFileReference; explicitFileType = wrapper.cfbundle; includeInIndex = 0; path = ImageFeedTests.xctest; sourceTree = BUILT_PRODUCTS_DIR; };
		9A31767B2A1A278600B21E69 /* ImageFeedTests.swift */ = {isa = PBXFileReference; lastKnownFileType = sourcecode.swift; path = ImageFeedTests.swift; sourceTree = "<group>"; };
		9A424B7629DD76540006CF0E /* ProfileViewController.swift */ = {isa = PBXFileReference; lastKnownFileType = sourcecode.swift; path = ProfileViewController.swift; sourceTree = "<group>"; };
		9A424B7929DEE62E0006CF0E /* SingleImageViewController.swift */ = {isa = PBXFileReference; lastKnownFileType = sourcecode.swift; path = SingleImageViewController.swift; sourceTree = "<group>"; };
		9A424BA429F0171E0006CF0E /* Constants.swift */ = {isa = PBXFileReference; lastKnownFileType = sourcecode.swift; path = Constants.swift; sourceTree = "<group>"; };
		9A4539C72A09576000957174 /* ProfileService.swift */ = {isa = PBXFileReference; lastKnownFileType = sourcecode.swift; path = ProfileService.swift; sourceTree = "<group>"; };
		9A4539CA2A09578C00957174 /* Profile.swift */ = {isa = PBXFileReference; lastKnownFileType = sourcecode.swift; path = Profile.swift; sourceTree = "<group>"; };
		9A4539D02A09588B00957174 /* UIBlockingProgressHUD.swift */ = {isa = PBXFileReference; lastKnownFileType = sourcecode.swift; path = UIBlockingProgressHUD.swift; sourceTree = "<group>"; };
		9A4539D32A0959C000957174 /* URLSession.swift */ = {isa = PBXFileReference; lastKnownFileType = sourcecode.swift; path = URLSession.swift; sourceTree = "<group>"; };
		9A4539D82A095FED00957174 /* ProfileImageService.swift */ = {isa = PBXFileReference; lastKnownFileType = sourcecode.swift; path = ProfileImageService.swift; sourceTree = "<group>"; };
		9A4539DA2A0BFB6E00957174 /* OAuthTokenResponse.swift */ = {isa = PBXFileReference; lastKnownFileType = sourcecode.swift; path = OAuthTokenResponse.swift; sourceTree = "<group>"; };
		9A4539DD2A0BFE8A00957174 /* TabBarController.swift */ = {isa = PBXFileReference; lastKnownFileType = sourcecode.swift; path = TabBarController.swift; sourceTree = "<group>"; };
		9A6CB6E829CA117900F1EED2 /* ImageFeed.app */ = {isa = PBXFileReference; explicitFileType = wrapper.application; includeInIndex = 0; path = ImageFeed.app; sourceTree = BUILT_PRODUCTS_DIR; };
		9A6CB6EB29CA117900F1EED2 /* AppDelegate.swift */ = {isa = PBXFileReference; lastKnownFileType = sourcecode.swift; path = AppDelegate.swift; sourceTree = "<group>"; };
		9A6CB6ED29CA117900F1EED2 /* SceneDelegate.swift */ = {isa = PBXFileReference; lastKnownFileType = sourcecode.swift; path = SceneDelegate.swift; sourceTree = "<group>"; };
		9A6CB6EF29CA117900F1EED2 /* ImagesListViewController.swift */ = {isa = PBXFileReference; lastKnownFileType = sourcecode.swift; path = ImagesListViewController.swift; sourceTree = "<group>"; };
		9A6CB6F229CA117900F1EED2 /* Base */ = {isa = PBXFileReference; lastKnownFileType = file.storyboard; name = Base; path = Base.lproj/Main.storyboard; sourceTree = "<group>"; };
		9A6CB6F429CA117A00F1EED2 /* Assets.xcassets */ = {isa = PBXFileReference; lastKnownFileType = folder.assetcatalog; path = Assets.xcassets; sourceTree = "<group>"; };
		9A6CB6F729CA117A00F1EED2 /* Base */ = {isa = PBXFileReference; lastKnownFileType = file.storyboard; name = Base; path = Base.lproj/LaunchScreen.storyboard; sourceTree = "<group>"; };
		9A6CB6F929CA117A00F1EED2 /* Info.plist */ = {isa = PBXFileReference; lastKnownFileType = text.plist.xml; path = Info.plist; sourceTree = "<group>"; };
		9A7071552A0C0B2200A740FF /* YS Display-Bold.ttf */ = {isa = PBXFileReference; lastKnownFileType = file; path = "YS Display-Bold.ttf"; sourceTree = "<group>"; };
		9A7071562A0C0B2200A740FF /* YS Display-Medium.ttf */ = {isa = PBXFileReference; lastKnownFileType = file; path = "YS Display-Medium.ttf"; sourceTree = "<group>"; };
		9A70EA9D29F558310023043D /* AuthViewController.swift */ = {isa = PBXFileReference; lastKnownFileType = sourcecode.swift; path = AuthViewController.swift; sourceTree = "<group>"; };
		9A70EA9F29F55AE10023043D /* WebViewViewController.swift */ = {isa = PBXFileReference; lastKnownFileType = sourcecode.swift; path = WebViewViewController.swift; sourceTree = "<group>"; };
		9A70EAA929F7C3730023043D /* SplashViewController.swift */ = {isa = PBXFileReference; fileEncoding = 4; lastKnownFileType = sourcecode.swift; path = SplashViewController.swift; sourceTree = "<group>"; };
		9A70EABF29F8F8EC0023043D /* OAuth2TokenResponseBody.swift */ = {isa = PBXFileReference; fileEncoding = 4; lastKnownFileType = sourcecode.swift; path = OAuth2TokenResponseBody.swift; sourceTree = "<group>"; };
		9A70EAC029F8F8EC0023043D /* OAuth2Service.swift */ = {isa = PBXFileReference; fileEncoding = 4; lastKnownFileType = sourcecode.swift; path = OAuth2Service.swift; sourceTree = "<group>"; };
		9A70EAC129F8F8EC0023043D /* OAuth2TokenStorage.swift */ = {isa = PBXFileReference; fileEncoding = 4; lastKnownFileType = sourcecode.swift; path = OAuth2TokenStorage.swift; sourceTree = "<group>"; };
		9AAF496329D054E90066BE9D /* ImagesListCell.swift */ = {isa = PBXFileReference; lastKnownFileType = sourcecode.swift; path = ImagesListCell.swift; sourceTree = "<group>"; };
/* End PBXFileReference section */

/* Begin PBXFrameworksBuildPhase section */
		9A3176762A1A278600B21E69 /* Frameworks */ = {
			isa = PBXFrameworksBuildPhase;
			buildActionMask = 2147483647;
			files = (
			);
			runOnlyForDeploymentPostprocessing = 0;
		};
		9A6CB6E529CA117900F1EED2 /* Frameworks */ = {
			isa = PBXFrameworksBuildPhase;
			buildActionMask = 2147483647;
			files = (
				9A4539C62A09569000957174 /* Kingfisher in Frameworks */,
				9A4539CE2A09586A00957174 /* ProgressHUD in Frameworks */,
				9A4539D72A095AB200957174 /* SwiftKeychainWrapper in Frameworks */,
			);
			runOnlyForDeploymentPostprocessing = 0;
		};
/* End PBXFrameworksBuildPhase section */

/* Begin PBXGroup section */
		9A31767A2A1A278600B21E69 /* ImageFeedTests */ = {
			isa = PBXGroup;
			children = (
				9A31767B2A1A278600B21E69 /* ImageFeedTests.swift */,
			);
			path = ImageFeedTests;
			sourceTree = "<group>";
		};
		9A424B7529DD76390006CF0E /* Profile */ = {
			isa = PBXGroup;
			children = (
				9A424B7629DD76540006CF0E /* ProfileViewController.swift */,
				9A4539C72A09576000957174 /* ProfileService.swift */,
				9A4539D82A095FED00957174 /* ProfileImageService.swift */,
			);
			path = Profile;
			sourceTree = "<group>";
		};
		9A424B7829DEE6170006CF0E /* ImageView */ = {
			isa = PBXGroup;
			children = (
				9A424B7929DEE62E0006CF0E /* SingleImageViewController.swift */,
			);
			path = ImageView;
			sourceTree = "<group>";
		};
		9A4539C92A09577E00957174 /* Models */ = {
			isa = PBXGroup;
			children = (
				9A4539CA2A09578C00957174 /* Profile.swift */,
				9A4539DA2A0BFB6E00957174 /* OAuthTokenResponse.swift */,
				9A3176732A1927DD00B21E69 /* ImageList.swift */,
			);
			path = Models;
			sourceTree = "<group>";
		};
		9A4539CF2A09587F00957174 /* Helpers */ = {
			isa = PBXGroup;
			children = (
				9A4539D02A09588B00957174 /* UIBlockingProgressHUD.swift */,
			);
			path = Helpers;
			sourceTree = "<group>";
		};
		9A4539D22A0959AD00957174 /* Extentions */ = {
			isa = PBXGroup;
			children = (
				9A4539D32A0959C000957174 /* URLSession.swift */,
			);
			path = Extentions;
			sourceTree = "<group>";
		};
		9A4539DC2A0BFE7D00957174 /* TabBarController */ = {
			isa = PBXGroup;
			children = (
				9A4539DD2A0BFE8A00957174 /* TabBarController.swift */,
			);
			path = TabBarController;
			sourceTree = "<group>";
		};
		9A6CB6DF29CA117900F1EED2 = {
			isa = PBXGroup;
			children = (
				9A6CB6EA29CA117900F1EED2 /* ImageFeed */,
				9A31767A2A1A278600B21E69 /* ImageFeedTests */,
				9A6CB6E929CA117900F1EED2 /* Products */,
			);
			sourceTree = "<group>";
		};
		9A6CB6E929CA117900F1EED2 /* Products */ = {
			isa = PBXGroup;
			children = (
				9A6CB6E829CA117900F1EED2 /* ImageFeed.app */,
				9A3176792A1A278600B21E69 /* ImageFeedTests.xctest */,
			);
			name = Products;
			sourceTree = "<group>";
		};
		9A6CB6EA29CA117900F1EED2 /* ImageFeed */ = {
			isa = PBXGroup;
			children = (
				9A4539DC2A0BFE7D00957174 /* TabBarController */,
				9A4539D22A0959AD00957174 /* Extentions */,
				9A4539CF2A09587F00957174 /* Helpers */,
				9A4539C92A09577E00957174 /* Models */,
				9A70EABD29F8F8EC0023043D /* ServiceAccessLayer */,
				9A70EAA829F7C3730023043D /* SplashViewController */,
				9A70EA9C29F558180023043D /* Auth */,
				9A424B7529DD76390006CF0E /* Profile */,
				9A424B7829DEE6170006CF0E /* ImageView */,
				9AAF496529D055030066BE9D /* ImagesList */,
				9A6CB71B29CA160900F1EED2 /* Resources */,
				9A6CB6EB29CA117900F1EED2 /* AppDelegate.swift */,
				9A6CB6ED29CA117900F1EED2 /* SceneDelegate.swift */,
				9A6CB6F129CA117900F1EED2 /* Main.storyboard */,
				9A6CB6F929CA117A00F1EED2 /* Info.plist */,
				9A424BA429F0171E0006CF0E /* Constants.swift */,
			);
			path = ImageFeed;
			sourceTree = "<group>";
		};
		9A6CB71B29CA160900F1EED2 /* Resources */ = {
			isa = PBXGroup;
			children = (
				9A7071542A0C0B2200A740FF /* Fonts */,
				9A6CB6F429CA117A00F1EED2 /* Assets.xcassets */,
				9A6CB6F629CA117A00F1EED2 /* LaunchScreen.storyboard */,
			);
			path = Resources;
			sourceTree = "<group>";
		};
		9A7071542A0C0B2200A740FF /* Fonts */ = {
			isa = PBXGroup;
			children = (
				9A7071552A0C0B2200A740FF /* YS Display-Bold.ttf */,
				9A7071562A0C0B2200A740FF /* YS Display-Medium.ttf */,
			);
			path = Fonts;
			sourceTree = "<group>";
		};
		9A70EA9C29F558180023043D /* Auth */ = {
			isa = PBXGroup;
			children = (
				9A70EA9D29F558310023043D /* AuthViewController.swift */,
				9A70EA9F29F55AE10023043D /* WebViewViewController.swift */,
			);
			path = Auth;
			sourceTree = "<group>";
		};
		9A70EAA829F7C3730023043D /* SplashViewController */ = {
			isa = PBXGroup;
			children = (
				9A70EAA929F7C3730023043D /* SplashViewController.swift */,
			);
			path = SplashViewController;
			sourceTree = "<group>";
		};
		9A70EABD29F8F8EC0023043D /* ServiceAccessLayer */ = {
			isa = PBXGroup;
			children = (
				9A70EABE29F8F8EC0023043D /* OAuth2 */,
			);
			path = ServiceAccessLayer;
			sourceTree = "<group>";
		};
		9A70EABE29F8F8EC0023043D /* OAuth2 */ = {
			isa = PBXGroup;
			children = (
				9A70EABF29F8F8EC0023043D /* OAuth2TokenResponseBody.swift */,
				9A70EAC029F8F8EC0023043D /* OAuth2Service.swift */,
				9A70EAC129F8F8EC0023043D /* OAuth2TokenStorage.swift */,
			);
			path = OAuth2;
			sourceTree = "<group>";
		};
		9AAF496529D055030066BE9D /* ImagesList */ = {
			isa = PBXGroup;
			children = (
				9A6CB6EF29CA117900F1EED2 /* ImagesListViewController.swift */,
				9AAF496329D054E90066BE9D /* ImagesListCell.swift */,
				9A3176712A1927BE00B21E69 /* ImagesListService.swift */,
			);
			path = ImagesList;
			sourceTree = "<group>";
		};
/* End PBXGroup section */

/* Begin PBXNativeTarget section */
		9A3176782A1A278600B21E69 /* ImageFeedTests */ = {
			isa = PBXNativeTarget;
			buildConfigurationList = 9A31767F2A1A278600B21E69 /* Build configuration list for PBXNativeTarget "ImageFeedTests" */;
			buildPhases = (
				9A3176752A1A278600B21E69 /* Sources */,
				9A3176762A1A278600B21E69 /* Frameworks */,
				9A3176772A1A278600B21E69 /* Resources */,
			);
			buildRules = (
			);
			dependencies = (
				9A31767E2A1A278600B21E69 /* PBXTargetDependency */,
			);
			name = ImageFeedTests;
			productName = ImageFeedTests;
			productReference = 9A3176792A1A278600B21E69 /* ImageFeedTests.xctest */;
			productType = "com.apple.product-type.bundle.unit-test";
		};
		9A6CB6E729CA117900F1EED2 /* ImageFeed */ = {
			isa = PBXNativeTarget;
			buildConfigurationList = 9A6CB71229CA117A00F1EED2 /* Build configuration list for PBXNativeTarget "ImageFeed" */;
			buildPhases = (
				9A6CB6E429CA117900F1EED2 /* Sources */,
				9A6CB6E529CA117900F1EED2 /* Frameworks */,
				9A6CB6E629CA117900F1EED2 /* Resources */,
			);
			buildRules = (
			);
			dependencies = (
			);
			name = ImageFeed;
			packageProductDependencies = (
				9A4539C52A09569000957174 /* Kingfisher */,
				9A4539CD2A09586A00957174 /* ProgressHUD */,
				9A4539D62A095AB200957174 /* SwiftKeychainWrapper */,
			);
			productName = ImageFeed;
			productReference = 9A6CB6E829CA117900F1EED2 /* ImageFeed.app */;
			productType = "com.apple.product-type.application";
		};
/* End PBXNativeTarget section */

/* Begin PBXProject section */
		9A6CB6E029CA117900F1EED2 /* Project object */ = {
			isa = PBXProject;
			attributes = {
				BuildIndependentTargetsInParallel = 1;
				LastSwiftUpdateCheck = 1430;
				LastUpgradeCheck = 1410;
				TargetAttributes = {
					9A3176782A1A278600B21E69 = {
						CreatedOnToolsVersion = 14.3;
						TestTargetID = 9A6CB6E729CA117900F1EED2;
					};
					9A6CB6E729CA117900F1EED2 = {
						CreatedOnToolsVersion = 14.1;
					};
				};
			};
			buildConfigurationList = 9A6CB6E329CA117900F1EED2 /* Build configuration list for PBXProject "ImageFeed" */;
			compatibilityVersion = "Xcode 14.0";
			developmentRegion = en;
			hasScannedForEncodings = 0;
			knownRegions = (
				en,
				Base,
			);
			mainGroup = 9A6CB6DF29CA117900F1EED2;
			packageReferences = (
				9A4539C42A09569000957174 /* XCRemoteSwiftPackageReference "Kingfisher" */,
				9A4539CC2A09586A00957174 /* XCRemoteSwiftPackageReference "ProgressHUD" */,
				9A4539D52A095AB200957174 /* XCRemoteSwiftPackageReference "SwiftKeychainWrapper" */,
			);
			productRefGroup = 9A6CB6E929CA117900F1EED2 /* Products */;
			projectDirPath = "";
			projectRoot = "";
			targets = (
				9A6CB6E729CA117900F1EED2 /* ImageFeed */,
				9A3176782A1A278600B21E69 /* ImageFeedTests */,
			);
		};
/* End PBXProject section */

/* Begin PBXResourcesBuildPhase section */
		9A3176772A1A278600B21E69 /* Resources */ = {
			isa = PBXResourcesBuildPhase;
			buildActionMask = 2147483647;
			files = (
			);
			runOnlyForDeploymentPostprocessing = 0;
		};
		9A6CB6E629CA117900F1EED2 /* Resources */ = {
			isa = PBXResourcesBuildPhase;
			buildActionMask = 2147483647;
			files = (
				9A6CB6F829CA117A00F1EED2 /* LaunchScreen.storyboard in Resources */,
				9A6CB6F529CA117A00F1EED2 /* Assets.xcassets in Resources */,
				9A6CB6F329CA117900F1EED2 /* Main.storyboard in Resources */,
				9A7071572A0C0B2200A740FF /* YS Display-Bold.ttf in Resources */,
				9A7071582A0C0B2200A740FF /* YS Display-Medium.ttf in Resources */,
			);
			runOnlyForDeploymentPostprocessing = 0;
		};
/* End PBXResourcesBuildPhase section */

/* Begin PBXSourcesBuildPhase section */
		9A3176752A1A278600B21E69 /* Sources */ = {
			isa = PBXSourcesBuildPhase;
			buildActionMask = 2147483647;
			files = (
				9A31767C2A1A278600B21E69 /* ImageFeedTests.swift in Sources */,
			);
			runOnlyForDeploymentPostprocessing = 0;
		};
		9A6CB6E429CA117900F1EED2 /* Sources */ = {
			isa = PBXSourcesBuildPhase;
			buildActionMask = 2147483647;
			files = (
				9A6CB6F029CA117900F1EED2 /* ImagesListViewController.swift in Sources */,
				9A4539DB2A0BFB6E00957174 /* OAuthTokenResponse.swift in Sources */,
				9A4539CB2A09578C00957174 /* Profile.swift in Sources */,
				9A70EAC229F8F8EC0023043D /* OAuth2TokenResponseBody.swift in Sources */,
				9A3176722A1927BE00B21E69 /* ImagesListService.swift in Sources */,
				9A4539D42A0959C000957174 /* URLSession.swift in Sources */,
				9A4539D12A09588B00957174 /* UIBlockingProgressHUD.swift in Sources */,
				9A70EAC329F8F8EC0023043D /* OAuth2Service.swift in Sources */,
				9AAF496429D054E90066BE9D /* ImagesListCell.swift in Sources */,
				9A424B7729DD76540006CF0E /* ProfileViewController.swift in Sources */,
				9A6CB6EC29CA117900F1EED2 /* AppDelegate.swift in Sources */,
				9A70EA9E29F558310023043D /* AuthViewController.swift in Sources */,
				9A424BA529F0171E0006CF0E /* Constants.swift in Sources */,
				9A424B7A29DEE62E0006CF0E /* SingleImageViewController.swift in Sources */,
				9A4539DE2A0BFE8A00957174 /* TabBarController.swift in Sources */,
				9A3176742A1927DD00B21E69 /* ImageList.swift in Sources */,
				9A70EAA029F55AE10023043D /* WebViewViewController.swift in Sources */,
				9A6CB6EE29CA117900F1EED2 /* SceneDelegate.swift in Sources */,
				9A70EAC429F8F8EC0023043D /* OAuth2TokenStorage.swift in Sources */,
				9A4539D92A095FED00957174 /* ProfileImageService.swift in Sources */,
				9A70EAAA29F7C3730023043D /* SplashViewController.swift in Sources */,
				9A4539C82A09576000957174 /* ProfileService.swift in Sources */,
			);
			runOnlyForDeploymentPostprocessing = 0;
		};
/* End PBXSourcesBuildPhase section */

/* Begin PBXTargetDependency section */
		9A31767E2A1A278600B21E69 /* PBXTargetDependency */ = {
			isa = PBXTargetDependency;
			target = 9A6CB6E729CA117900F1EED2 /* ImageFeed */;
			targetProxy = 9A31767D2A1A278600B21E69 /* PBXContainerItemProxy */;
		};
/* End PBXTargetDependency section */

/* Begin PBXVariantGroup section */
		9A6CB6F129CA117900F1EED2 /* Main.storyboard */ = {
			isa = PBXVariantGroup;
			children = (
				9A6CB6F229CA117900F1EED2 /* Base */,
			);
			name = Main.storyboard;
			sourceTree = "<group>";
		};
		9A6CB6F629CA117A00F1EED2 /* LaunchScreen.storyboard */ = {
			isa = PBXVariantGroup;
			children = (
				9A6CB6F729CA117A00F1EED2 /* Base */,
			);
			name = LaunchScreen.storyboard;
			sourceTree = "<group>";
		};
/* End PBXVariantGroup section */

/* Begin XCBuildConfiguration section */
		9A3176802A1A278600B21E69 /* Debug */ = {
			isa = XCBuildConfiguration;
			buildSettings = {
				BUNDLE_LOADER = "$(TEST_HOST)";
				CODE_SIGN_STYLE = Automatic;
				CURRENT_PROJECT_VERSION = 1;
				DEVELOPMENT_TEAM = 63G9CCR8CL;
				GENERATE_INFOPLIST_FILE = YES;
				IPHONEOS_DEPLOYMENT_TARGET = 16.4;
				MARKETING_VERSION = 1.0;
				PRODUCT_BUNDLE_IDENTIFIER = ru.yandex.practicum.ImageFeedTests;
				PRODUCT_NAME = "$(TARGET_NAME)";
				SWIFT_EMIT_LOC_STRINGS = NO;
				SWIFT_VERSION = 5.0;
				TARGETED_DEVICE_FAMILY = "1,2";
				TEST_HOST = "$(BUILT_PRODUCTS_DIR)/ImageFeed.app/$(BUNDLE_EXECUTABLE_FOLDER_PATH)/ImageFeed";
			};
			name = Debug;
		};
		9A3176812A1A278600B21E69 /* Release */ = {
			isa = XCBuildConfiguration;
			buildSettings = {
				BUNDLE_LOADER = "$(TEST_HOST)";
				CODE_SIGN_STYLE = Automatic;
				CURRENT_PROJECT_VERSION = 1;
				DEVELOPMENT_TEAM = 63G9CCR8CL;
				GENERATE_INFOPLIST_FILE = YES;
				IPHONEOS_DEPLOYMENT_TARGET = 16.4;
				MARKETING_VERSION = 1.0;
				PRODUCT_BUNDLE_IDENTIFIER = ru.yandex.practicum.ImageFeedTests;
				PRODUCT_NAME = "$(TARGET_NAME)";
				SWIFT_EMIT_LOC_STRINGS = NO;
				SWIFT_VERSION = 5.0;
				TARGETED_DEVICE_FAMILY = "1,2";
				TEST_HOST = "$(BUILT_PRODUCTS_DIR)/ImageFeed.app/$(BUNDLE_EXECUTABLE_FOLDER_PATH)/ImageFeed";
			};
			name = Release;
		};
		9A6CB71029CA117A00F1EED2 /* Debug */ = {
			isa = XCBuildConfiguration;
			buildSettings = {
				ALWAYS_SEARCH_USER_PATHS = NO;
				CLANG_ANALYZER_NONNULL = YES;
				CLANG_ANALYZER_NUMBER_OBJECT_CONVERSION = YES_AGGRESSIVE;
				CLANG_CXX_LANGUAGE_STANDARD = "gnu++20";
				CLANG_ENABLE_MODULES = YES;
				CLANG_ENABLE_OBJC_ARC = YES;
				CLANG_ENABLE_OBJC_WEAK = YES;
				CLANG_WARN_BLOCK_CAPTURE_AUTORELEASING = YES;
				CLANG_WARN_BOOL_CONVERSION = YES;
				CLANG_WARN_COMMA = YES;
				CLANG_WARN_CONSTANT_CONVERSION = YES;
				CLANG_WARN_DEPRECATED_OBJC_IMPLEMENTATIONS = YES;
				CLANG_WARN_DIRECT_OBJC_ISA_USAGE = YES_ERROR;
				CLANG_WARN_DOCUMENTATION_COMMENTS = YES;
				CLANG_WARN_EMPTY_BODY = YES;
				CLANG_WARN_ENUM_CONVERSION = YES;
				CLANG_WARN_INFINITE_RECURSION = YES;
				CLANG_WARN_INT_CONVERSION = YES;
				CLANG_WARN_NON_LITERAL_NULL_CONVERSION = YES;
				CLANG_WARN_OBJC_IMPLICIT_RETAIN_SELF = YES;
				CLANG_WARN_OBJC_LITERAL_CONVERSION = YES;
				CLANG_WARN_OBJC_ROOT_CLASS = YES_ERROR;
				CLANG_WARN_QUOTED_INCLUDE_IN_FRAMEWORK_HEADER = YES;
				CLANG_WARN_RANGE_LOOP_ANALYSIS = YES;
				CLANG_WARN_STRICT_PROTOTYPES = YES;
				CLANG_WARN_SUSPICIOUS_MOVE = YES;
				CLANG_WARN_UNGUARDED_AVAILABILITY = YES_AGGRESSIVE;
				CLANG_WARN_UNREACHABLE_CODE = YES;
				CLANG_WARN__DUPLICATE_METHOD_MATCH = YES;
				COPY_PHASE_STRIP = NO;
				DEBUG_INFORMATION_FORMAT = dwarf;
				ENABLE_STRICT_OBJC_MSGSEND = YES;
				ENABLE_TESTABILITY = YES;
				GCC_C_LANGUAGE_STANDARD = gnu11;
				GCC_DYNAMIC_NO_PIC = NO;
				GCC_NO_COMMON_BLOCKS = YES;
				GCC_OPTIMIZATION_LEVEL = 0;
				GCC_PREPROCESSOR_DEFINITIONS = (
					"DEBUG=1",
					"$(inherited)",
				);
				GCC_WARN_64_TO_32_BIT_CONVERSION = YES;
				GCC_WARN_ABOUT_RETURN_TYPE = YES_ERROR;
				GCC_WARN_UNDECLARED_SELECTOR = YES;
				GCC_WARN_UNINITIALIZED_AUTOS = YES_AGGRESSIVE;
				GCC_WARN_UNUSED_FUNCTION = YES;
				GCC_WARN_UNUSED_VARIABLE = YES;
				IPHONEOS_DEPLOYMENT_TARGET = 16.1;
				MTL_ENABLE_DEBUG_INFO = INCLUDE_SOURCE;
				MTL_FAST_MATH = YES;
				ONLY_ACTIVE_ARCH = YES;
				SDKROOT = iphoneos;
				SWIFT_ACTIVE_COMPILATION_CONDITIONS = DEBUG;
				SWIFT_OPTIMIZATION_LEVEL = "-Onone";
			};
			name = Debug;
		};
		9A6CB71129CA117A00F1EED2 /* Release */ = {
			isa = XCBuildConfiguration;
			buildSettings = {
				ALWAYS_SEARCH_USER_PATHS = NO;
				CLANG_ANALYZER_NONNULL = YES;
				CLANG_ANALYZER_NUMBER_OBJECT_CONVERSION = YES_AGGRESSIVE;
				CLANG_CXX_LANGUAGE_STANDARD = "gnu++20";
				CLANG_ENABLE_MODULES = YES;
				CLANG_ENABLE_OBJC_ARC = YES;
				CLANG_ENABLE_OBJC_WEAK = YES;
				CLANG_WARN_BLOCK_CAPTURE_AUTORELEASING = YES;
				CLANG_WARN_BOOL_CONVERSION = YES;
				CLANG_WARN_COMMA = YES;
				CLANG_WARN_CONSTANT_CONVERSION = YES;
				CLANG_WARN_DEPRECATED_OBJC_IMPLEMENTATIONS = YES;
				CLANG_WARN_DIRECT_OBJC_ISA_USAGE = YES_ERROR;
				CLANG_WARN_DOCUMENTATION_COMMENTS = YES;
				CLANG_WARN_EMPTY_BODY = YES;
				CLANG_WARN_ENUM_CONVERSION = YES;
				CLANG_WARN_INFINITE_RECURSION = YES;
				CLANG_WARN_INT_CONVERSION = YES;
				CLANG_WARN_NON_LITERAL_NULL_CONVERSION = YES;
				CLANG_WARN_OBJC_IMPLICIT_RETAIN_SELF = YES;
				CLANG_WARN_OBJC_LITERAL_CONVERSION = YES;
				CLANG_WARN_OBJC_ROOT_CLASS = YES_ERROR;
				CLANG_WARN_QUOTED_INCLUDE_IN_FRAMEWORK_HEADER = YES;
				CLANG_WARN_RANGE_LOOP_ANALYSIS = YES;
				CLANG_WARN_STRICT_PROTOTYPES = YES;
				CLANG_WARN_SUSPICIOUS_MOVE = YES;
				CLANG_WARN_UNGUARDED_AVAILABILITY = YES_AGGRESSIVE;
				CLANG_WARN_UNREACHABLE_CODE = YES;
				CLANG_WARN__DUPLICATE_METHOD_MATCH = YES;
				COPY_PHASE_STRIP = NO;
				DEBUG_INFORMATION_FORMAT = "dwarf-with-dsym";
				ENABLE_NS_ASSERTIONS = NO;
				ENABLE_STRICT_OBJC_MSGSEND = YES;
				GCC_C_LANGUAGE_STANDARD = gnu11;
				GCC_NO_COMMON_BLOCKS = YES;
				GCC_WARN_64_TO_32_BIT_CONVERSION = YES;
				GCC_WARN_ABOUT_RETURN_TYPE = YES_ERROR;
				GCC_WARN_UNDECLARED_SELECTOR = YES;
				GCC_WARN_UNINITIALIZED_AUTOS = YES_AGGRESSIVE;
				GCC_WARN_UNUSED_FUNCTION = YES;
				GCC_WARN_UNUSED_VARIABLE = YES;
				IPHONEOS_DEPLOYMENT_TARGET = 16.1;
				MTL_ENABLE_DEBUG_INFO = NO;
				MTL_FAST_MATH = YES;
				SDKROOT = iphoneos;
				SWIFT_COMPILATION_MODE = wholemodule;
				SWIFT_OPTIMIZATION_LEVEL = "-O";
				VALIDATE_PRODUCT = YES;
			};
			name = Release;
		};
		9A6CB71329CA117A00F1EED2 /* Debug */ = {
			isa = XCBuildConfiguration;
			buildSettings = {
				ASSETCATALOG_COMPILER_APPICON_NAME = AppIcon;
				ASSETCATALOG_COMPILER_GLOBAL_ACCENT_COLOR_NAME = AccentColor;
				CODE_SIGN_STYLE = Automatic;
				CURRENT_PROJECT_VERSION = 1;
				DEVELOPMENT_TEAM = 63G9CCR8CL;
				GENERATE_INFOPLIST_FILE = YES;
				INFOPLIST_FILE = ImageFeed/Info.plist;
				INFOPLIST_KEY_UIApplicationSupportsIndirectInputEvents = YES;
				INFOPLIST_KEY_UILaunchStoryboardName = LaunchScreen;
				INFOPLIST_KEY_UIMainStoryboardFile = Main;
				INFOPLIST_KEY_UISupportedInterfaceOrientations = UIInterfaceOrientationPortrait;
				IPHONEOS_DEPLOYMENT_TARGET = 13.0;
				LD_RUNPATH_SEARCH_PATHS = (
					"$(inherited)",
					"@executable_path/Frameworks",
				);
				MARKETING_VERSION = 1.0;
				PRODUCT_BUNDLE_IDENTIFIER = ru.yandex.practicum.ImageFeed;
				PRODUCT_NAME = "$(TARGET_NAME)";
				SUPPORTED_PLATFORMS = "iphoneos iphonesimulator";
				SUPPORTS_MACCATALYST = NO;
				SUPPORTS_MAC_DESIGNED_FOR_IPHONE_IPAD = NO;
				SWIFT_EMIT_LOC_STRINGS = YES;
				SWIFT_VERSION = 5.0;
				TARGETED_DEVICE_FAMILY = 1;
			};
			name = Debug;
		};
		9A6CB71429CA117A00F1EED2 /* Release */ = {
			isa = XCBuildConfiguration;
			buildSettings = {
				ASSETCATALOG_COMPILER_APPICON_NAME = AppIcon;
				ASSETCATALOG_COMPILER_GLOBAL_ACCENT_COLOR_NAME = AccentColor;
				CODE_SIGN_STYLE = Automatic;
				CURRENT_PROJECT_VERSION = 1;
				DEVELOPMENT_TEAM = 63G9CCR8CL;
				GENERATE_INFOPLIST_FILE = YES;
				INFOPLIST_FILE = ImageFeed/Info.plist;
				INFOPLIST_KEY_UIApplicationSupportsIndirectInputEvents = YES;
				INFOPLIST_KEY_UILaunchStoryboardName = LaunchScreen;
				INFOPLIST_KEY_UIMainStoryboardFile = Main;
				INFOPLIST_KEY_UISupportedInterfaceOrientations = UIInterfaceOrientationPortrait;
				IPHONEOS_DEPLOYMENT_TARGET = 13.0;
				LD_RUNPATH_SEARCH_PATHS = (
					"$(inherited)",
					"@executable_path/Frameworks",
				);
				MARKETING_VERSION = 1.0;
				PRODUCT_BUNDLE_IDENTIFIER = ru.yandex.practicum.ImageFeed;
				PRODUCT_NAME = "$(TARGET_NAME)";
				SUPPORTED_PLATFORMS = "iphoneos iphonesimulator";
				SUPPORTS_MACCATALYST = NO;
				SUPPORTS_MAC_DESIGNED_FOR_IPHONE_IPAD = NO;
				SWIFT_EMIT_LOC_STRINGS = YES;
				SWIFT_VERSION = 5.0;
				TARGETED_DEVICE_FAMILY = 1;
			};
			name = Release;
		};
/* End XCBuildConfiguration section */

/* Begin XCConfigurationList section */
		9A31767F2A1A278600B21E69 /* Build configuration list for PBXNativeTarget "ImageFeedTests" */ = {
			isa = XCConfigurationList;
			buildConfigurations = (
				9A3176802A1A278600B21E69 /* Debug */,
				9A3176812A1A278600B21E69 /* Release */,
			);
			defaultConfigurationIsVisible = 0;
			defaultConfigurationName = Release;
		};
		9A6CB6E329CA117900F1EED2 /* Build configuration list for PBXProject "ImageFeed" */ = {
			isa = XCConfigurationList;
			buildConfigurations = (
				9A6CB71029CA117A00F1EED2 /* Debug */,
				9A6CB71129CA117A00F1EED2 /* Release */,
			);
			defaultConfigurationIsVisible = 0;
			defaultConfigurationName = Release;
		};
		9A6CB71229CA117A00F1EED2 /* Build configuration list for PBXNativeTarget "ImageFeed" */ = {
			isa = XCConfigurationList;
			buildConfigurations = (
				9A6CB71329CA117A00F1EED2 /* Debug */,
				9A6CB71429CA117A00F1EED2 /* Release */,
			);
			defaultConfigurationIsVisible = 0;
			defaultConfigurationName = Release;
		};
/* End XCConfigurationList section */

/* Begin XCRemoteSwiftPackageReference section */
		9A4539C42A09569000957174 /* XCRemoteSwiftPackageReference "Kingfisher" */ = {
			isa = XCRemoteSwiftPackageReference;
			repositoryURL = "https://github.com/onevcat/Kingfisher";
			requirement = {
				branch = master;
				kind = branch;
			};
		};
		9A4539CC2A09586A00957174 /* XCRemoteSwiftPackageReference "ProgressHUD" */ = {
			isa = XCRemoteSwiftPackageReference;
			repositoryURL = "https://github.com/relatedcode/ProgressHUD";
			requirement = {
				branch = master;
				kind = branch;
			};
		};
		9A4539D52A095AB200957174 /* XCRemoteSwiftPackageReference "SwiftKeychainWrapper" */ = {
			isa = XCRemoteSwiftPackageReference;
			repositoryURL = "https://github.com/jrendel/SwiftKeychainWrapper";
			requirement = {
				branch = develop;
				kind = branch;
			};
		};
/* End XCRemoteSwiftPackageReference section */

/* Begin XCSwiftPackageProductDependency section */
		9A4539C52A09569000957174 /* Kingfisher */ = {
			isa = XCSwiftPackageProductDependency;
			package = 9A4539C42A09569000957174 /* XCRemoteSwiftPackageReference "Kingfisher" */;
			productName = Kingfisher;
		};
		9A4539CD2A09586A00957174 /* ProgressHUD */ = {
			isa = XCSwiftPackageProductDependency;
			package = 9A4539CC2A09586A00957174 /* XCRemoteSwiftPackageReference "ProgressHUD" */;
			productName = ProgressHUD;
		};
		9A4539D62A095AB200957174 /* SwiftKeychainWrapper */ = {
			isa = XCSwiftPackageProductDependency;
			package = 9A4539D52A095AB200957174 /* XCRemoteSwiftPackageReference "SwiftKeychainWrapper" */;
			productName = SwiftKeychainWrapper;
		};
/* End XCSwiftPackageProductDependency section */
	};
	rootObject = 9A6CB6E029CA117900F1EED2 /* Project object */;
}
